{
  "name": "Protfolio",
  "lockfileVersion": 3,
  "requires": true,
  "packages": {
    "": {
      "dependencies": {
        "typer-js": "^5.5.3"
      }
    },
    "node_modules/typer-js": {
      "version": "5.5.3",
      "resolved": "https://registry.npmjs.org/typer-js/-/typer-js-5.5.3.tgz",
      "integrity": "sha512-r+bWjynXirPw6ju5oSEoMlbJBRgVdqOAPWABJ+r8lEWc27wgDXinrCOeFGiwiVWLAt3dhmk0YBSc0bmtkHGiMw=="
    }
  }
}
